// !$*UTF8*$!
{
	archiveVersion = 1;
	classes = {
	};
	objectVersion = 56;
	objects = {

/* Begin PBXBuildFile section */
		2226653029B23BF2004EC913 /* FaceId-resnet50-quantized.mlmodel in Sources */ = {isa = PBXBuildFile; fileRef = 2226652F29B23BF2004EC913 /* FaceId-resnet50-quantized.mlmodel */; };
		2226653329B23C3F004EC913 /* FaceIdServices.swift in Sources */ = {isa = PBXBuildFile; fileRef = 2226653229B23C3F004EC913 /* FaceIdServices.swift */; };
		2294BC9929A88C2700447120 /* AppDelegate.swift in Sources */ = {isa = PBXBuildFile; fileRef = 2294BC9829A88C2700447120 /* AppDelegate.swift */; };
		2294BC9B29A88C2700447120 /* SceneDelegate.swift in Sources */ = {isa = PBXBuildFile; fileRef = 2294BC9A29A88C2700447120 /* SceneDelegate.swift */; };
		2294BC9D29A88C2700447120 /* ViewController.swift in Sources */ = {isa = PBXBuildFile; fileRef = 2294BC9C29A88C2700447120 /* ViewController.swift */; };
		2294BCA229A88C2A00447120 /* Assets.xcassets in Resources */ = {isa = PBXBuildFile; fileRef = 2294BCA129A88C2A00447120 /* Assets.xcassets */; };
		2294BCA529A88C2A00447120 /* LaunchScreen.storyboard in Resources */ = {isa = PBXBuildFile; fileRef = 2294BCA329A88C2A00447120 /* LaunchScreen.storyboard */; };
		2294BCB029A88C2A00447120 /* xeno_face_recognitionTests.swift in Sources */ = {isa = PBXBuildFile; fileRef = 2294BCAF29A88C2A00447120 /* xeno_face_recognitionTests.swift */; };
		2294BCBA29A88C2A00447120 /* xeno_face_recognitionUITests.swift in Sources */ = {isa = PBXBuildFile; fileRef = 2294BCB929A88C2A00447120 /* xeno_face_recognitionUITests.swift */; };
		2294BCBC29A88C2A00447120 /* xeno_face_recognitionUITestsLaunchTests.swift in Sources */ = {isa = PBXBuildFile; fileRef = 2294BCBB29A88C2A00447120 /* xeno_face_recognitionUITestsLaunchTests.swift */; };
		2294BCCE29A8923F00447120 /* HomeController.swift in Sources */ = {isa = PBXBuildFile; fileRef = 2294BCCC29A8923F00447120 /* HomeController.swift */; };
		2294BCCF29A8923F00447120 /* HomeController.xib in Resources */ = {isa = PBXBuildFile; fileRef = 2294BCCD29A8923F00447120 /* HomeController.xib */; };
		22C71CF029ACD99A00FD1A79 /* FaceClassificationController.swift in Sources */ = {isa = PBXBuildFile; fileRef = 22C71CEE29ACD99A00FD1A79 /* FaceClassificationController.swift */; };
		22C71CF129ACD99A00FD1A79 /* FaceClassificationController.xib in Resources */ = {isa = PBXBuildFile; fileRef = 22C71CEF29ACD99A00FD1A79 /* FaceClassificationController.xib */; };
		22C71CF829ACE64700FD1A79 /* ScanFaceController.swift in Sources */ = {isa = PBXBuildFile; fileRef = 22C71CF629ACE64700FD1A79 /* ScanFaceController.swift */; };
		22C71CF929ACE64700FD1A79 /* ScanFaceController.xib in Resources */ = {isa = PBXBuildFile; fileRef = 22C71CF729ACE64700FD1A79 /* ScanFaceController.xib */; };
		22C9894B29B03A900088E29E /* UIViewControllerExtends.swift in Sources */ = {isa = PBXBuildFile; fileRef = 22C9894A29B03A900088E29E /* UIViewControllerExtends.swift */; };
		22D28B2C29AC5484009CA8C7 /* vggface.tflite in Resources */ = {isa = PBXBuildFile; fileRef = 22D28B2429AC4BA8009CA8C7 /* vggface.tflite */; };
		7A4EE88ECFA3CB823401B681 /* Pods_xeno_face_recognition_xeno_face_recognitionUITests.framework in Frameworks */ = {isa = PBXBuildFile; fileRef = 03C42D9735EA7B3FBC532F47 /* Pods_xeno_face_recognition_xeno_face_recognitionUITests.framework */; };
		B4D78D272B80F8DC5E09D4D6 /* Pods_xeno_face_recognitionTests.framework in Frameworks */ = {isa = PBXBuildFile; fileRef = 48AC1FF6902071178A2E6003 /* Pods_xeno_face_recognitionTests.framework */; };
		B5C7A2E4453C58FC9314C482 /* Pods_xeno_face_recognition.framework in Frameworks */ = {isa = PBXBuildFile; fileRef = 4E74D26C1B999CDC1737D685 /* Pods_xeno_face_recognition.framework */; };
/* End PBXBuildFile section */

/* Begin PBXContainerItemProxy section */
		2294BCAC29A88C2A00447120 /* PBXContainerItemProxy */ = {
			isa = PBXContainerItemProxy;
			containerPortal = 2294BC8D29A88C2700447120 /* Project object */;
			proxyType = 1;
			remoteGlobalIDString = 2294BC9429A88C2700447120;
			remoteInfo = "xeno-face-recognition";
		};
		2294BCB629A88C2A00447120 /* PBXContainerItemProxy */ = {
			isa = PBXContainerItemProxy;
			containerPortal = 2294BC8D29A88C2700447120 /* Project object */;
			proxyType = 1;
			remoteGlobalIDString = 2294BC9429A88C2700447120;
			remoteInfo = "xeno-face-recognition";
		};
/* End PBXContainerItemProxy section */

/* Begin PBXFileReference section */
		03C42D9735EA7B3FBC532F47 /* Pods_xeno_face_recognition_xeno_face_recognitionUITests.framework */ = {isa = PBXFileReference; explicitFileType = wrapper.framework; includeInIndex = 0; path = Pods_xeno_face_recognition_xeno_face_recognitionUITests.framework; sourceTree = BUILT_PRODUCTS_DIR; };
		2226652F29B23BF2004EC913 /* FaceId-resnet50-quantized.mlmodel */ = {isa = PBXFileReference; lastKnownFileType = file.mlmodel; path = "FaceId-resnet50-quantized.mlmodel"; sourceTree = "<group>"; };
		2226653229B23C3F004EC913 /* FaceIdServices.swift */ = {isa = PBXFileReference; lastKnownFileType = sourcecode.swift; path = FaceIdServices.swift; sourceTree = "<group>"; };
		2294BC9529A88C2700447120 /* xeno-face-recognition.app */ = {isa = PBXFileReference; explicitFileType = wrapper.application; includeInIndex = 0; path = "xeno-face-recognition.app"; sourceTree = BUILT_PRODUCTS_DIR; };
		2294BC9829A88C2700447120 /* AppDelegate.swift */ = {isa = PBXFileReference; lastKnownFileType = sourcecode.swift; path = AppDelegate.swift; sourceTree = "<group>"; };
		2294BC9A29A88C2700447120 /* SceneDelegate.swift */ = {isa = PBXFileReference; lastKnownFileType = sourcecode.swift; path = SceneDelegate.swift; sourceTree = "<group>"; };
		2294BC9C29A88C2700447120 /* ViewController.swift */ = {isa = PBXFileReference; lastKnownFileType = sourcecode.swift; path = ViewController.swift; sourceTree = "<group>"; };
		2294BCA129A88C2A00447120 /* Assets.xcassets */ = {isa = PBXFileReference; lastKnownFileType = folder.assetcatalog; path = Assets.xcassets; sourceTree = "<group>"; };
		2294BCA429A88C2A00447120 /* Base */ = {isa = PBXFileReference; lastKnownFileType = file.storyboard; name = Base; path = Base.lproj/LaunchScreen.storyboard; sourceTree = "<group>"; };
		2294BCA629A88C2A00447120 /* Info.plist */ = {isa = PBXFileReference; lastKnownFileType = text.plist.xml; path = Info.plist; sourceTree = "<group>"; };
		2294BCAB29A88C2A00447120 /* xeno-face-recognitionTests.xctest */ = {isa = PBXFileReference; explicitFileType = wrapper.cfbundle; includeInIndex = 0; path = "xeno-face-recognitionTests.xctest"; sourceTree = BUILT_PRODUCTS_DIR; };
		2294BCAF29A88C2A00447120 /* xeno_face_recognitionTests.swift */ = {isa = PBXFileReference; lastKnownFileType = sourcecode.swift; path = xeno_face_recognitionTests.swift; sourceTree = "<group>"; };
		2294BCB529A88C2A00447120 /* xeno-face-recognitionUITests.xctest */ = {isa = PBXFileReference; explicitFileType = wrapper.cfbundle; includeInIndex = 0; path = "xeno-face-recognitionUITests.xctest"; sourceTree = BUILT_PRODUCTS_DIR; };
		2294BCB929A88C2A00447120 /* xeno_face_recognitionUITests.swift */ = {isa = PBXFileReference; lastKnownFileType = sourcecode.swift; path = xeno_face_recognitionUITests.swift; sourceTree = "<group>"; };
		2294BCBB29A88C2A00447120 /* xeno_face_recognitionUITestsLaunchTests.swift */ = {isa = PBXFileReference; lastKnownFileType = sourcecode.swift; path = xeno_face_recognitionUITestsLaunchTests.swift; sourceTree = "<group>"; };
		2294BCCC29A8923F00447120 /* HomeController.swift */ = {isa = PBXFileReference; lastKnownFileType = sourcecode.swift; path = HomeController.swift; sourceTree = "<group>"; };
		2294BCCD29A8923F00447120 /* HomeController.xib */ = {isa = PBXFileReference; lastKnownFileType = file.xib; path = HomeController.xib; sourceTree = "<group>"; };
		22C71CEE29ACD99A00FD1A79 /* FaceClassificationController.swift */ = {isa = PBXFileReference; lastKnownFileType = sourcecode.swift; path = FaceClassificationController.swift; sourceTree = "<group>"; };
		22C71CEF29ACD99A00FD1A79 /* FaceClassificationController.xib */ = {isa = PBXFileReference; lastKnownFileType = file.xib; path = FaceClassificationController.xib; sourceTree = "<group>"; };
		22C71CF629ACE64700FD1A79 /* ScanFaceController.swift */ = {isa = PBXFileReference; lastKnownFileType = sourcecode.swift; path = ScanFaceController.swift; sourceTree = "<group>"; };
		22C71CF729ACE64700FD1A79 /* ScanFaceController.xib */ = {isa = PBXFileReference; lastKnownFileType = file.xib; path = ScanFaceController.xib; sourceTree = "<group>"; };
		22C9894A29B03A900088E29E /* UIViewControllerExtends.swift */ = {isa = PBXFileReference; lastKnownFileType = sourcecode.swift; path = UIViewControllerExtends.swift; sourceTree = "<group>"; };
		22D28B2429AC4BA8009CA8C7 /* vggface.tflite */ = {isa = PBXFileReference; lastKnownFileType = file; path = vggface.tflite; sourceTree = "<group>"; };
		3F4C5FBFC6F4B537BD537128 /* Pods-xeno-face-recognition-xeno-face-recognitionUITests.debug.xcconfig */ = {isa = PBXFileReference; includeInIndex = 1; lastKnownFileType = text.xcconfig; name = "Pods-xeno-face-recognition-xeno-face-recognitionUITests.debug.xcconfig"; path = "Target Support Files/Pods-xeno-face-recognition-xeno-face-recognitionUITests/Pods-xeno-face-recognition-xeno-face-recognitionUITests.debug.xcconfig"; sourceTree = "<group>"; };
		48AC1FF6902071178A2E6003 /* Pods_xeno_face_recognitionTests.framework */ = {isa = PBXFileReference; explicitFileType = wrapper.framework; includeInIndex = 0; path = Pods_xeno_face_recognitionTests.framework; sourceTree = BUILT_PRODUCTS_DIR; };
		4E74D26C1B999CDC1737D685 /* Pods_xeno_face_recognition.framework */ = {isa = PBXFileReference; explicitFileType = wrapper.framework; includeInIndex = 0; path = Pods_xeno_face_recognition.framework; sourceTree = BUILT_PRODUCTS_DIR; };
		5781C4D829EC50C75D1E8A96 /* Pods-xeno-face-recognition-xeno-face-recognitionUITests.release.xcconfig */ = {isa = PBXFileReference; includeInIndex = 1; lastKnownFileType = text.xcconfig; name = "Pods-xeno-face-recognition-xeno-face-recognitionUITests.release.xcconfig"; path = "Target Support Files/Pods-xeno-face-recognition-xeno-face-recognitionUITests/Pods-xeno-face-recognition-xeno-face-recognitionUITests.release.xcconfig"; sourceTree = "<group>"; };
		7990F92CEB010E995B8DCE16 /* Pods-xeno-face-recognition.release.xcconfig */ = {isa = PBXFileReference; includeInIndex = 1; lastKnownFileType = text.xcconfig; name = "Pods-xeno-face-recognition.release.xcconfig"; path = "Target Support Files/Pods-xeno-face-recognition/Pods-xeno-face-recognition.release.xcconfig"; sourceTree = "<group>"; };
		8D2657055D0D05764605D6D8 /* Pods-xeno-face-recognition.debug.xcconfig */ = {isa = PBXFileReference; includeInIndex = 1; lastKnownFileType = text.xcconfig; name = "Pods-xeno-face-recognition.debug.xcconfig"; path = "Target Support Files/Pods-xeno-face-recognition/Pods-xeno-face-recognition.debug.xcconfig"; sourceTree = "<group>"; };
		9769C1338C588E553C631BC7 /* Pods-xeno-face-recognitionTests.release.xcconfig */ = {isa = PBXFileReference; includeInIndex = 1; lastKnownFileType = text.xcconfig; name = "Pods-xeno-face-recognitionTests.release.xcconfig"; path = "Target Support Files/Pods-xeno-face-recognitionTests/Pods-xeno-face-recognitionTests.release.xcconfig"; sourceTree = "<group>"; };
		FABA98AFAE59341CE64A6F6F /* Pods-xeno-face-recognitionTests.debug.xcconfig */ = {isa = PBXFileReference; includeInIndex = 1; lastKnownFileType = text.xcconfig; name = "Pods-xeno-face-recognitionTests.debug.xcconfig"; path = "Target Support Files/Pods-xeno-face-recognitionTests/Pods-xeno-face-recognitionTests.debug.xcconfig"; sourceTree = "<group>"; };
/* End PBXFileReference section */

/* Begin PBXFrameworksBuildPhase section */
		2294BC9229A88C2700447120 /* Frameworks */ = {
			isa = PBXFrameworksBuildPhase;
			buildActionMask = 2147483647;
			files = (
				B5C7A2E4453C58FC9314C482 /* Pods_xeno_face_recognition.framework in Frameworks */,
			);
			runOnlyForDeploymentPostprocessing = 0;
		};
		2294BCA829A88C2A00447120 /* Frameworks */ = {
			isa = PBXFrameworksBuildPhase;
			buildActionMask = 2147483647;
			files = (
				B4D78D272B80F8DC5E09D4D6 /* Pods_xeno_face_recognitionTests.framework in Frameworks */,
			);
			runOnlyForDeploymentPostprocessing = 0;
		};
		2294BCB229A88C2A00447120 /* Frameworks */ = {
			isa = PBXFrameworksBuildPhase;
			buildActionMask = 2147483647;
			files = (
				7A4EE88ECFA3CB823401B681 /* Pods_xeno_face_recognition_xeno_face_recognitionUITests.framework in Frameworks */,
			);
			runOnlyForDeploymentPostprocessing = 0;
		};
/* End PBXFrameworksBuildPhase section */

/* Begin PBXGroup section */
		2226653129B23BFD004EC913 /* Services */ = {
			isa = PBXGroup;
			children = (
				2226653229B23C3F004EC913 /* FaceIdServices.swift */,
			);
			path = Services;
			sourceTree = "<group>";
		};
		2294BC8C29A88C2700447120 = {
			isa = PBXGroup;
			children = (
				2294BC9729A88C2700447120 /* xeno-face-recognition */,
				2294BCAE29A88C2A00447120 /* xeno-face-recognitionTests */,
				2294BCB829A88C2A00447120 /* xeno-face-recognitionUITests */,
				2294BC9629A88C2700447120 /* Products */,
				5F487BE4EFD76E50968DC788 /* Pods */,
				32C41577F2D19D412060BC0A /* Frameworks */,
			);
			sourceTree = "<group>";
		};
		2294BC9629A88C2700447120 /* Products */ = {
			isa = PBXGroup;
			children = (
				2294BC9529A88C2700447120 /* xeno-face-recognition.app */,
				2294BCAB29A88C2A00447120 /* xeno-face-recognitionTests.xctest */,
				2294BCB529A88C2A00447120 /* xeno-face-recognitionUITests.xctest */,
			);
			name = Products;
			sourceTree = "<group>";
		};
		2294BC9729A88C2700447120 /* xeno-face-recognition */ = {
			isa = PBXGroup;
			children = (
				2226653129B23BFD004EC913 /* Services */,
				2294BCD829A8974500447120 /* Extends */,
				2294BCC829A891C000447120 /* Presence */,
				2294BC9829A88C2700447120 /* AppDelegate.swift */,
				2294BC9A29A88C2700447120 /* SceneDelegate.swift */,
				2294BC9C29A88C2700447120 /* ViewController.swift */,
				2294BCA129A88C2A00447120 /* Assets.xcassets */,
				2294BCA329A88C2A00447120 /* LaunchScreen.storyboard */,
				2294BCA629A88C2A00447120 /* Info.plist */,
			);
			path = "xeno-face-recognition";
			sourceTree = "<group>";
		};
		2294BCAE29A88C2A00447120 /* xeno-face-recognitionTests */ = {
			isa = PBXGroup;
			children = (
				2294BCAF29A88C2A00447120 /* xeno_face_recognitionTests.swift */,
			);
			path = "xeno-face-recognitionTests";
			sourceTree = "<group>";
		};
		2294BCB829A88C2A00447120 /* xeno-face-recognitionUITests */ = {
			isa = PBXGroup;
			children = (
				2294BCB929A88C2A00447120 /* xeno_face_recognitionUITests.swift */,
				2294BCBB29A88C2A00447120 /* xeno_face_recognitionUITestsLaunchTests.swift */,
			);
			path = "xeno-face-recognitionUITests";
			sourceTree = "<group>";
		};
		2294BCC829A891C000447120 /* Presence */ = {
			isa = PBXGroup;
			children = (
				2294BCCB29A891F100447120 /* View */,
				2294BCCA29A891E900447120 /* Model */,
				2294BCC929A891E000447120 /* Controller */,
			);
			path = Presence;
			sourceTree = "<group>";
		};
		2294BCC929A891E000447120 /* Controller */ = {
			isa = PBXGroup;
			children = (
			);
			path = Controller;
			sourceTree = "<group>";
		};
		2294BCCA29A891E900447120 /* Model */ = {
			isa = PBXGroup;
			children = (
				2226652F29B23BF2004EC913 /* FaceId-resnet50-quantized.mlmodel */,
				22D28B2429AC4BA8009CA8C7 /* vggface.tflite */,
			);
			path = Model;
			sourceTree = "<group>";
		};
		2294BCCB29A891F100447120 /* View */ = {
			isa = PBXGroup;
			children = (
				2294BCCC29A8923F00447120 /* HomeController.swift */,
				2294BCCD29A8923F00447120 /* HomeController.xib */,
				22C71CEE29ACD99A00FD1A79 /* FaceClassificationController.swift */,
				22C71CEF29ACD99A00FD1A79 /* FaceClassificationController.xib */,
				22C71CF629ACE64700FD1A79 /* ScanFaceController.swift */,
				22C71CF729ACE64700FD1A79 /* ScanFaceController.xib */,
			);
			path = View;
			sourceTree = "<group>";
		};
		2294BCD829A8974500447120 /* Extends */ = {
			isa = PBXGroup;
			children = (
				22C9894A29B03A900088E29E /* UIViewControllerExtends.swift */,
			);
			path = Extends;
			sourceTree = "<group>";
		};
		32C41577F2D19D412060BC0A /* Frameworks */ = {
			isa = PBXGroup;
			children = (
				4E74D26C1B999CDC1737D685 /* Pods_xeno_face_recognition.framework */,
				03C42D9735EA7B3FBC532F47 /* Pods_xeno_face_recognition_xeno_face_recognitionUITests.framework */,
				48AC1FF6902071178A2E6003 /* Pods_xeno_face_recognitionTests.framework */,
			);
			name = Frameworks;
			sourceTree = "<group>";
		};
		5F487BE4EFD76E50968DC788 /* Pods */ = {
			isa = PBXGroup;
			children = (
				8D2657055D0D05764605D6D8 /* Pods-xeno-face-recognition.debug.xcconfig */,
				7990F92CEB010E995B8DCE16 /* Pods-xeno-face-recognition.release.xcconfig */,
				3F4C5FBFC6F4B537BD537128 /* Pods-xeno-face-recognition-xeno-face-recognitionUITests.debug.xcconfig */,
				5781C4D829EC50C75D1E8A96 /* Pods-xeno-face-recognition-xeno-face-recognitionUITests.release.xcconfig */,
				FABA98AFAE59341CE64A6F6F /* Pods-xeno-face-recognitionTests.debug.xcconfig */,
				9769C1338C588E553C631BC7 /* Pods-xeno-face-recognitionTests.release.xcconfig */,
			);
			path = Pods;
			sourceTree = "<group>";
		};
/* End PBXGroup section */

/* Begin PBXNativeTarget section */
		2294BC9429A88C2700447120 /* xeno-face-recognition */ = {
			isa = PBXNativeTarget;
			buildConfigurationList = 2294BCBF29A88C2A00447120 /* Build configuration list for PBXNativeTarget "xeno-face-recognition" */;
			buildPhases = (
				A591D18886580B5EDC4DAC98 /* [CP] Check Pods Manifest.lock */,
				2294BC9129A88C2700447120 /* Sources */,
				2294BC9229A88C2700447120 /* Frameworks */,
				2294BC9329A88C2700447120 /* Resources */,
			);
			buildRules = (
			);
			dependencies = (
			);
			name = "xeno-face-recognition";
			productName = "xeno-face-recognition";
			productReference = 2294BC9529A88C2700447120 /* xeno-face-recognition.app */;
			productType = "com.apple.product-type.application";
		};
		2294BCAA29A88C2A00447120 /* xeno-face-recognitionTests */ = {
			isa = PBXNativeTarget;
			buildConfigurationList = 2294BCC229A88C2A00447120 /* Build configuration list for PBXNativeTarget "xeno-face-recognitionTests" */;
			buildPhases = (
				AB9255EE8659B47CFAE75D93 /* [CP] Check Pods Manifest.lock */,
				2294BCA729A88C2A00447120 /* Sources */,
				2294BCA829A88C2A00447120 /* Frameworks */,
				2294BCA929A88C2A00447120 /* Resources */,
			);
			buildRules = (
			);
			dependencies = (
				2294BCAD29A88C2A00447120 /* PBXTargetDependency */,
			);
			name = "xeno-face-recognitionTests";
			productName = "xeno-face-recognitionTests";
			productReference = 2294BCAB29A88C2A00447120 /* xeno-face-recognitionTests.xctest */;
			productType = "com.apple.product-type.bundle.unit-test";
		};
		2294BCB429A88C2A00447120 /* xeno-face-recognitionUITests */ = {
			isa = PBXNativeTarget;
			buildConfigurationList = 2294BCC529A88C2A00447120 /* Build configuration list for PBXNativeTarget "xeno-face-recognitionUITests" */;
			buildPhases = (
				FFECE39B8B58A32346F1EB40 /* [CP] Check Pods Manifest.lock */,
				2294BCB129A88C2A00447120 /* Sources */,
				2294BCB229A88C2A00447120 /* Frameworks */,
				2294BCB329A88C2A00447120 /* Resources */,
			);
			buildRules = (
			);
			dependencies = (
				2294BCB729A88C2A00447120 /* PBXTargetDependency */,
			);
			name = "xeno-face-recognitionUITests";
			productName = "xeno-face-recognitionUITests";
			productReference = 2294BCB529A88C2A00447120 /* xeno-face-recognitionUITests.xctest */;
			productType = "com.apple.product-type.bundle.ui-testing";
		};
/* End PBXNativeTarget section */

/* Begin PBXProject section */
		2294BC8D29A88C2700447120 /* Project object */ = {
			isa = PBXProject;
			attributes = {
				BuildIndependentTargetsInParallel = 1;
				LastSwiftUpdateCheck = 1420;
				LastUpgradeCheck = 1420;
				TargetAttributes = {
					2294BC9429A88C2700447120 = {
						CreatedOnToolsVersion = 14.2;
					};
					2294BCAA29A88C2A00447120 = {
						CreatedOnToolsVersion = 14.2;
						TestTargetID = 2294BC9429A88C2700447120;
					};
					2294BCB429A88C2A00447120 = {
						CreatedOnToolsVersion = 14.2;
						TestTargetID = 2294BC9429A88C2700447120;
					};
				};
			};
			buildConfigurationList = 2294BC9029A88C2700447120 /* Build configuration list for PBXProject "xeno-face-recognition" */;
			compatibilityVersion = "Xcode 14.0";
			developmentRegion = en;
			hasScannedForEncodings = 0;
			knownRegions = (
				en,
				Base,
			);
			mainGroup = 2294BC8C29A88C2700447120;
			productRefGroup = 2294BC9629A88C2700447120 /* Products */;
			projectDirPath = "";
			projectRoot = "";
			targets = (
				2294BC9429A88C2700447120 /* xeno-face-recognition */,
				2294BCAA29A88C2A00447120 /* xeno-face-recognitionTests */,
				2294BCB429A88C2A00447120 /* xeno-face-recognitionUITests */,
			);
		};
/* End PBXProject section */

/* Begin PBXResourcesBuildPhase section */
		2294BC9329A88C2700447120 /* Resources */ = {
			isa = PBXResourcesBuildPhase;
			buildActionMask = 2147483647;
			files = (
				22D28B2C29AC5484009CA8C7 /* vggface.tflite in Resources */,
				2294BCA529A88C2A00447120 /* LaunchScreen.storyboard in Resources */,
				2294BCCF29A8923F00447120 /* HomeController.xib in Resources */,
				22C71CF129ACD99A00FD1A79 /* FaceClassificationController.xib in Resources */,
				2294BCA229A88C2A00447120 /* Assets.xcassets in Resources */,
				22C71CF929ACE64700FD1A79 /* ScanFaceController.xib in Resources */,
			);
			runOnlyForDeploymentPostprocessing = 0;
		};
		2294BCA929A88C2A00447120 /* Resources */ = {
			isa = PBXResourcesBuildPhase;
			buildActionMask = 2147483647;
			files = (
			);
			runOnlyForDeploymentPostprocessing = 0;
		};
		2294BCB329A88C2A00447120 /* Resources */ = {
			isa = PBXResourcesBuildPhase;
			buildActionMask = 2147483647;
			files = (
			);
			runOnlyForDeploymentPostprocessing = 0;
		};
/* End PBXResourcesBuildPhase section */

/* Begin PBXShellScriptBuildPhase section */
		A591D18886580B5EDC4DAC98 /* [CP] Check Pods Manifest.lock */ = {
			isa = PBXShellScriptBuildPhase;
			buildActionMask = 2147483647;
			files = (
			);
			inputFileListPaths = (
			);
			inputPaths = (
				"${PODS_PODFILE_DIR_PATH}/Podfile.lock",
				"${PODS_ROOT}/Manifest.lock",
			);
			name = "[CP] Check Pods Manifest.lock";
			outputFileListPaths = (
			);
			outputPaths = (
				"$(DERIVED_FILE_DIR)/Pods-xeno-face-recognition-checkManifestLockResult.txt",
			);
			runOnlyForDeploymentPostprocessing = 0;
			shellPath = /bin/sh;
			shellScript = "diff \"${PODS_PODFILE_DIR_PATH}/Podfile.lock\" \"${PODS_ROOT}/Manifest.lock\" > /dev/null\nif [ $? != 0 ] ; then\n    # print error to STDERR\n    echo \"error: The sandbox is not in sync with the Podfile.lock. Run 'pod install' or update your CocoaPods installation.\" >&2\n    exit 1\nfi\n# This output is used by Xcode 'outputs' to avoid re-running this script phase.\necho \"SUCCESS\" > \"${SCRIPT_OUTPUT_FILE_0}\"\n";
			showEnvVarsInLog = 0;
		};
		AB9255EE8659B47CFAE75D93 /* [CP] Check Pods Manifest.lock */ = {
			isa = PBXShellScriptBuildPhase;
			buildActionMask = 2147483647;
			files = (
			);
			inputFileListPaths = (
			);
			inputPaths = (
				"${PODS_PODFILE_DIR_PATH}/Podfile.lock",
				"${PODS_ROOT}/Manifest.lock",
			);
			name = "[CP] Check Pods Manifest.lock";
			outputFileListPaths = (
			);
			outputPaths = (
				"$(DERIVED_FILE_DIR)/Pods-xeno-face-recognitionTests-checkManifestLockResult.txt",
			);
			runOnlyForDeploymentPostprocessing = 0;
			shellPath = /bin/sh;
			shellScript = "diff \"${PODS_PODFILE_DIR_PATH}/Podfile.lock\" \"${PODS_ROOT}/Manifest.lock\" > /dev/null\nif [ $? != 0 ] ; then\n    # print error to STDERR\n    echo \"error: The sandbox is not in sync with the Podfile.lock. Run 'pod install' or update your CocoaPods installation.\" >&2\n    exit 1\nfi\n# This output is used by Xcode 'outputs' to avoid re-running this script phase.\necho \"SUCCESS\" > \"${SCRIPT_OUTPUT_FILE_0}\"\n";
			showEnvVarsInLog = 0;
		};
		FFECE39B8B58A32346F1EB40 /* [CP] Check Pods Manifest.lock */ = {
			isa = PBXShellScriptBuildPhase;
			buildActionMask = 2147483647;
			files = (
			);
			inputFileListPaths = (
			);
			inputPaths = (
				"${PODS_PODFILE_DIR_PATH}/Podfile.lock",
				"${PODS_ROOT}/Manifest.lock",
			);
			name = "[CP] Check Pods Manifest.lock";
			outputFileListPaths = (
			);
			outputPaths = (
				"$(DERIVED_FILE_DIR)/Pods-xeno-face-recognition-xeno-face-recognitionUITests-checkManifestLockResult.txt",
			);
			runOnlyForDeploymentPostprocessing = 0;
			shellPath = /bin/sh;
			shellScript = "diff \"${PODS_PODFILE_DIR_PATH}/Podfile.lock\" \"${PODS_ROOT}/Manifest.lock\" > /dev/null\nif [ $? != 0 ] ; then\n    # print error to STDERR\n    echo \"error: The sandbox is not in sync with the Podfile.lock. Run 'pod install' or update your CocoaPods installation.\" >&2\n    exit 1\nfi\n# This output is used by Xcode 'outputs' to avoid re-running this script phase.\necho \"SUCCESS\" > \"${SCRIPT_OUTPUT_FILE_0}\"\n";
			showEnvVarsInLog = 0;
		};
/* End PBXShellScriptBuildPhase section */

/* Begin PBXSourcesBuildPhase section */
		2294BC9129A88C2700447120 /* Sources */ = {
			isa = PBXSourcesBuildPhase;
			buildActionMask = 2147483647;
			files = (
				2226653029B23BF2004EC913 /* FaceId-resnet50-quantized.mlmodel in Sources */,
				2294BCCE29A8923F00447120 /* HomeController.swift in Sources */,
				22C9894B29B03A900088E29E /* UIViewControllerExtends.swift in Sources */,
				22C71CF029ACD99A00FD1A79 /* FaceClassificationController.swift in Sources */,
				2294BC9D29A88C2700447120 /* ViewController.swift in Sources */,
				2294BC9929A88C2700447120 /* AppDelegate.swift in Sources */,
				2294BC9B29A88C2700447120 /* SceneDelegate.swift in Sources */,
				22C71CF829ACE64700FD1A79 /* ScanFaceController.swift in Sources */,
				2226653329B23C3F004EC913 /* FaceIdServices.swift in Sources */,
			);
			runOnlyForDeploymentPostprocessing = 0;
		};
		2294BCA729A88C2A00447120 /* Sources */ = {
			isa = PBXSourcesBuildPhase;
			buildActionMask = 2147483647;
			files = (
				2294BCB029A88C2A00447120 /* xeno_face_recognitionTests.swift in Sources */,
			);
			runOnlyForDeploymentPostprocessing = 0;
		};
		2294BCB129A88C2A00447120 /* Sources */ = {
			isa = PBXSourcesBuildPhase;
			buildActionMask = 2147483647;
			files = (
				2294BCBA29A88C2A00447120 /* xeno_face_recognitionUITests.swift in Sources */,
				2294BCBC29A88C2A00447120 /* xeno_face_recognitionUITestsLaunchTests.swift in Sources */,
			);
			runOnlyForDeploymentPostprocessing = 0;
		};
/* End PBXSourcesBuildPhase section */

/* Begin PBXTargetDependency section */
		2294BCAD29A88C2A00447120 /* PBXTargetDependency */ = {
			isa = PBXTargetDependency;
			target = 2294BC9429A88C2700447120 /* xeno-face-recognition */;
			targetProxy = 2294BCAC29A88C2A00447120 /* PBXContainerItemProxy */;
		};
		2294BCB729A88C2A00447120 /* PBXTargetDependency */ = {
			isa = PBXTargetDependency;
			target = 2294BC9429A88C2700447120 /* xeno-face-recognition */;
			targetProxy = 2294BCB629A88C2A00447120 /* PBXContainerItemProxy */;
		};
/* End PBXTargetDependency section */

/* Begin PBXVariantGroup section */
		2294BCA329A88C2A00447120 /* LaunchScreen.storyboard */ = {
			isa = PBXVariantGroup;
			children = (
				2294BCA429A88C2A00447120 /* Base */,
			);
			name = LaunchScreen.storyboard;
			sourceTree = "<group>";
		};
/* End PBXVariantGroup section */

/* Begin XCBuildConfiguration section */
		2294BCBD29A88C2A00447120 /* Debug */ = {
			isa = XCBuildConfiguration;
			buildSettings = {
				ALWAYS_SEARCH_USER_PATHS = NO;
				CLANG_ANALYZER_NONNULL = YES;
				CLANG_ANALYZER_NUMBER_OBJECT_CONVERSION = YES_AGGRESSIVE;
				CLANG_CXX_LANGUAGE_STANDARD = "gnu++20";
				CLANG_ENABLE_MODULES = YES;
				CLANG_ENABLE_OBJC_ARC = YES;
				CLANG_ENABLE_OBJC_WEAK = YES;
				CLANG_WARN_BLOCK_CAPTURE_AUTORELEASING = YES;
				CLANG_WARN_BOOL_CONVERSION = YES;
				CLANG_WARN_COMMA = YES;
				CLANG_WARN_CONSTANT_CONVERSION = YES;
				CLANG_WARN_DEPRECATED_OBJC_IMPLEMENTATIONS = YES;
				CLANG_WARN_DIRECT_OBJC_ISA_USAGE = YES_ERROR;
				CLANG_WARN_DOCUMENTATION_COMMENTS = YES;
				CLANG_WARN_EMPTY_BODY = YES;
				CLANG_WARN_ENUM_CONVERSION = YES;
				CLANG_WARN_INFINITE_RECURSION = YES;
				CLANG_WARN_INT_CONVERSION = YES;
				CLANG_WARN_NON_LITERAL_NULL_CONVERSION = YES;
				CLANG_WARN_OBJC_IMPLICIT_RETAIN_SELF = YES;
				CLANG_WARN_OBJC_LITERAL_CONVERSION = YES;
				CLANG_WARN_OBJC_ROOT_CLASS = YES_ERROR;
				CLANG_WARN_QUOTED_INCLUDE_IN_FRAMEWORK_HEADER = YES;
				CLANG_WARN_RANGE_LOOP_ANALYSIS = YES;
				CLANG_WARN_STRICT_PROTOTYPES = YES;
				CLANG_WARN_SUSPICIOUS_MOVE = YES;
				CLANG_WARN_UNGUARDED_AVAILABILITY = YES_AGGRESSIVE;
				CLANG_WARN_UNREACHABLE_CODE = YES;
				CLANG_WARN__DUPLICATE_METHOD_MATCH = YES;
				COPY_PHASE_STRIP = NO;
				DEBUG_INFORMATION_FORMAT = dwarf;
				ENABLE_STRICT_OBJC_MSGSEND = YES;
				ENABLE_TESTABILITY = YES;
				GCC_C_LANGUAGE_STANDARD = gnu11;
				GCC_DYNAMIC_NO_PIC = NO;
				GCC_NO_COMMON_BLOCKS = YES;
				GCC_OPTIMIZATION_LEVEL = 0;
				GCC_PREPROCESSOR_DEFINITIONS = (
					"DEBUG=1",
					"$(inherited)",
				);
				GCC_WARN_64_TO_32_BIT_CONVERSION = YES;
				GCC_WARN_ABOUT_RETURN_TYPE = YES_ERROR;
				GCC_WARN_UNDECLARED_SELECTOR = YES;
				GCC_WARN_UNINITIALIZED_AUTOS = YES_AGGRESSIVE;
				GCC_WARN_UNUSED_FUNCTION = YES;
				GCC_WARN_UNUSED_VARIABLE = YES;
				IPHONEOS_DEPLOYMENT_TARGET = 16.2;
				MTL_ENABLE_DEBUG_INFO = INCLUDE_SOURCE;
				MTL_FAST_MATH = YES;
				ONLY_ACTIVE_ARCH = YES;
				SDKROOT = iphoneos;
				SWIFT_ACTIVE_COMPILATION_CONDITIONS = DEBUG;
				SWIFT_OPTIMIZATION_LEVEL = "-Onone";
			};
			name = Debug;
		};
		2294BCBE29A88C2A00447120 /* Release */ = {
			isa = XCBuildConfiguration;
			buildSettings = {
				ALWAYS_SEARCH_USER_PATHS = NO;
				CLANG_ANALYZER_NONNULL = YES;
				CLANG_ANALYZER_NUMBER_OBJECT_CONVERSION = YES_AGGRESSIVE;
				CLANG_CXX_LANGUAGE_STANDARD = "gnu++20";
				CLANG_ENABLE_MODULES = YES;
				CLANG_ENABLE_OBJC_ARC = YES;
				CLANG_ENABLE_OBJC_WEAK = YES;
				CLANG_WARN_BLOCK_CAPTURE_AUTORELEASING = YES;
				CLANG_WARN_BOOL_CONVERSION = YES;
				CLANG_WARN_COMMA = YES;
				CLANG_WARN_CONSTANT_CONVERSION = YES;
				CLANG_WARN_DEPRECATED_OBJC_IMPLEMENTATIONS = YES;
				CLANG_WARN_DIRECT_OBJC_ISA_USAGE = YES_ERROR;
				CLANG_WARN_DOCUMENTATION_COMMENTS = YES;
				CLANG_WARN_EMPTY_BODY = YES;
				CLANG_WARN_ENUM_CONVERSION = YES;
				CLANG_WARN_INFINITE_RECURSION = YES;
				CLANG_WARN_INT_CONVERSION = YES;
				CLANG_WARN_NON_LITERAL_NULL_CONVERSION = YES;
				CLANG_WARN_OBJC_IMPLICIT_RETAIN_SELF = YES;
				CLANG_WARN_OBJC_LITERAL_CONVERSION = YES;
				CLANG_WARN_OBJC_ROOT_CLASS = YES_ERROR;
				CLANG_WARN_QUOTED_INCLUDE_IN_FRAMEWORK_HEADER = YES;
				CLANG_WARN_RANGE_LOOP_ANALYSIS = YES;
				CLANG_WARN_STRICT_PROTOTYPES = YES;
				CLANG_WARN_SUSPICIOUS_MOVE = YES;
				CLANG_WARN_UNGUARDED_AVAILABILITY = YES_AGGRESSIVE;
				CLANG_WARN_UNREACHABLE_CODE = YES;
				CLANG_WARN__DUPLICATE_METHOD_MATCH = YES;
				COPY_PHASE_STRIP = NO;
				DEBUG_INFORMATION_FORMAT = "dwarf-with-dsym";
				ENABLE_NS_ASSERTIONS = NO;
				ENABLE_STRICT_OBJC_MSGSEND = YES;
				GCC_C_LANGUAGE_STANDARD = gnu11;
				GCC_NO_COMMON_BLOCKS = YES;
				GCC_WARN_64_TO_32_BIT_CONVERSION = YES;
				GCC_WARN_ABOUT_RETURN_TYPE = YES_ERROR;
				GCC_WARN_UNDECLARED_SELECTOR = YES;
				GCC_WARN_UNINITIALIZED_AUTOS = YES_AGGRESSIVE;
				GCC_WARN_UNUSED_FUNCTION = YES;
				GCC_WARN_UNUSED_VARIABLE = YES;
				IPHONEOS_DEPLOYMENT_TARGET = 16.2;
				MTL_ENABLE_DEBUG_INFO = NO;
				MTL_FAST_MATH = YES;
				SDKROOT = iphoneos;
				SWIFT_COMPILATION_MODE = wholemodule;
				SWIFT_OPTIMIZATION_LEVEL = "-O";
				VALIDATE_PRODUCT = YES;
			};
			name = Release;
		};
		2294BCC029A88C2A00447120 /* Debug */ = {
			isa = XCBuildConfiguration;
			baseConfigurationReference = 8D2657055D0D05764605D6D8 /* Pods-xeno-face-recognition.debug.xcconfig */;
			buildSettings = {
				ASSETCATALOG_COMPILER_APPICON_NAME = AppIcon;
				ASSETCATALOG_COMPILER_GLOBAL_ACCENT_COLOR_NAME = AccentColor;
				ASSETCATALOG_COMPILER_INCLUDE_ALL_APPICON_ASSETS = NO;
				CODE_SIGN_STYLE = Automatic;
				CURRENT_PROJECT_VERSION = 1;
				DEVELOPMENT_TEAM = B2HZARVUHU;
				GENERATE_INFOPLIST_FILE = YES;
				INFOPLIST_FILE = "xeno-face-recognition/Info.plist";
				INFOPLIST_KEY_NSCameraUsageDescription = "This app will use camera.";
				INFOPLIST_KEY_UIApplicationSupportsIndirectInputEvents = YES;
				INFOPLIST_KEY_UILaunchStoryboardName = LaunchScreen;
				INFOPLIST_KEY_UISupportedInterfaceOrientations = "UIInterfaceOrientationLandscapeLeft UIInterfaceOrientationPortrait";
				INFOPLIST_KEY_UISupportedInterfaceOrientations_iPad = "UIInterfaceOrientationLandscapeLeft UIInterfaceOrientationLandscapeRight UIInterfaceOrientationPortrait";
				IPHONEOS_DEPLOYMENT_TARGET = 14.0;
				LD_RUNPATH_SEARCH_PATHS = (
					"$(inherited)",
					"@executable_path/Frameworks",
				);
				MARKETING_VERSION = 1.0;
				PRODUCT_BUNDLE_IDENTIFIER = "xenopati.xeno-face-recognition";
				PRODUCT_NAME = "$(TARGET_NAME)";
				SWIFT_EMIT_LOC_STRINGS = YES;
				SWIFT_VERSION = 5.0;
				TARGETED_DEVICE_FAMILY = "1,2";
			};
			name = Debug;
		};
		2294BCC129A88C2A00447120 /* Release */ = {
			isa = XCBuildConfiguration;
			baseConfigurationReference = 7990F92CEB010E995B8DCE16 /* Pods-xeno-face-recognition.release.xcconfig */;
			buildSettings = {
				ASSETCATALOG_COMPILER_APPICON_NAME = AppIcon;
				ASSETCATALOG_COMPILER_GLOBAL_ACCENT_COLOR_NAME = AccentColor;
				ASSETCATALOG_COMPILER_INCLUDE_ALL_APPICON_ASSETS = NO;
				CODE_SIGN_STYLE = Automatic;
				CURRENT_PROJECT_VERSION = 1;
				DEVELOPMENT_TEAM = B2HZARVUHU;
				GENERATE_INFOPLIST_FILE = YES;
				INFOPLIST_FILE = "xeno-face-recognition/Info.plist";
				INFOPLIST_KEY_NSCameraUsageDescription = "This app will use camera.";
				INFOPLIST_KEY_UIApplicationSupportsIndirectInputEvents = YES;
				INFOPLIST_KEY_UILaunchStoryboardName = LaunchScreen;
				INFOPLIST_KEY_UISupportedInterfaceOrientations = "UIInterfaceOrientationLandscapeLeft UIInterfaceOrientationPortrait";
				INFOPLIST_KEY_UISupportedInterfaceOrientations_iPad = "UIInterfaceOrientationLandscapeLeft UIInterfaceOrientationLandscapeRight UIInterfaceOrientationPortrait";
				IPHONEOS_DEPLOYMENT_TARGET = 14.0;
				LD_RUNPATH_SEARCH_PATHS = (
					"$(inherited)",
					"@executable_path/Frameworks",
				);
				MARKETING_VERSION = 1.0;
				PRODUCT_BUNDLE_IDENTIFIER = "xenopati.xeno-face-recognition";
				PRODUCT_NAME = "$(TARGET_NAME)";
				SWIFT_EMIT_LOC_STRINGS = YES;
				SWIFT_VERSION = 5.0;
				TARGETED_DEVICE_FAMILY = "1,2";
			};
			name = Release;
		};
		2294BCC329A88C2A00447120 /* Debug */ = {
			isa = XCBuildConfiguration;
			baseConfigurationReference = FABA98AFAE59341CE64A6F6F /* Pods-xeno-face-recognitionTests.debug.xcconfig */;
			buildSettings = {
				ALWAYS_EMBED_SWIFT_STANDARD_LIBRARIES = YES;
				BUNDLE_LOADER = "$(TEST_HOST)";
				CODE_SIGN_STYLE = Automatic;
				CURRENT_PROJECT_VERSION = 1;
				DEVELOPMENT_TEAM = B2HZARVUHU;
				GENERATE_INFOPLIST_FILE = YES;
				IPHONEOS_DEPLOYMENT_TARGET = 16.2;
				MARKETING_VERSION = 1.0;
				PRODUCT_BUNDLE_IDENTIFIER = "xenopati.xeno-face-recognitionTests";
				PRODUCT_NAME = "$(TARGET_NAME)";
				SWIFT_EMIT_LOC_STRINGS = NO;
				SWIFT_VERSION = 5.0;
				TARGETED_DEVICE_FAMILY = "1,2";
				TEST_HOST = "$(BUILT_PRODUCTS_DIR)/xeno-face-recognition.app/$(BUNDLE_EXECUTABLE_FOLDER_PATH)/xeno-face-recognition";
			};
			name = Debug;
		};
		2294BCC429A88C2A00447120 /* Release */ = {
			isa = XCBuildConfiguration;
			baseConfigurationReference = 9769C1338C588E553C631BC7 /* Pods-xeno-face-recognitionTests.release.xcconfig */;
			buildSettings = {
				ALWAYS_EMBED_SWIFT_STANDARD_LIBRARIES = YES;
				BUNDLE_LOADER = "$(TEST_HOST)";
				CODE_SIGN_STYLE = Automatic;
				CURRENT_PROJECT_VERSION = 1;
				DEVELOPMENT_TEAM = B2HZARVUHU;
				GENERATE_INFOPLIST_FILE = YES;
				IPHONEOS_DEPLOYMENT_TARGET = 16.2;
				MARKETING_VERSION = 1.0;
				PRODUCT_BUNDLE_IDENTIFIER = "xenopati.xeno-face-recognitionTests";
				PRODUCT_NAME = "$(TARGET_NAME)";
				SWIFT_EMIT_LOC_STRINGS = NO;
				SWIFT_VERSION = 5.0;
				TARGETED_DEVICE_FAMILY = "1,2";
				TEST_HOST = "$(BUILT_PRODUCTS_DIR)/xeno-face-recognition.app/$(BUNDLE_EXECUTABLE_FOLDER_PATH)/xeno-face-recognition";
			};
			name = Release;
		};
		2294BCC629A88C2A00447120 /* Debug */ = {
			isa = XCBuildConfiguration;
			baseConfigurationReference = 3F4C5FBFC6F4B537BD537128 /* Pods-xeno-face-recognition-xeno-face-recognitionUITests.debug.xcconfig */;
			buildSettings = {
				ALWAYS_EMBED_SWIFT_STANDARD_LIBRARIES = YES;
				CODE_SIGN_STYLE = Automatic;
				CURRENT_PROJECT_VERSION = 1;
				DEVELOPMENT_TEAM = B2HZARVUHU;
				GENERATE_INFOPLIST_FILE = YES;
				MARKETING_VERSION = 1.0;
				PRODUCT_BUNDLE_IDENTIFIER = "xenopati.xeno-face-recognitionUITests";
				PRODUCT_NAME = "$(TARGET_NAME)";
				SWIFT_EMIT_LOC_STRINGS = NO;
				SWIFT_VERSION = 5.0;
				TARGETED_DEVICE_FAMILY = "1,2";
				TEST_TARGET_NAME = "xeno-face-recognition";
			};
			name = Debug;
		};
		2294BCC729A88C2A00447120 /* Release */ = {
			isa = XCBuildConfiguration;
			baseConfigurationReference = 5781C4D829EC50C75D1E8A96 /* Pods-xeno-face-recognition-xeno-face-recognitionUITests.release.xcconfig */;
			buildSettings = {
				ALWAYS_EMBED_SWIFT_STANDARD_LIBRARIES = YES;
				CODE_SIGN_STYLE = Automatic;
				CURRENT_PROJECT_VERSION = 1;
				DEVELOPMENT_TEAM = B2HZARVUHU;
				GENERATE_INFOPLIST_FILE = YES;
				MARKETING_VERSION = 1.0;
				PRODUCT_BUNDLE_IDENTIFIER = "xenopati.xeno-face-recognitionUITests";
				PRODUCT_NAME = "$(TARGET_NAME)";
				SWIFT_EMIT_LOC_STRINGS = NO;
				SWIFT_VERSION = 5.0;
				TARGETED_DEVICE_FAMILY = "1,2";
				TEST_TARGET_NAME = "xeno-face-recognition";
			};
			name = Release;
		};
/* End XCBuildConfiguration section */

/* Begin XCConfigurationList section */
		2294BC9029A88C2700447120 /* Build configuration list for PBXProject "xeno-face-recognition" */ = {
			isa = XCConfigurationList;
			buildConfigurations = (
				2294BCBD29A88C2A00447120 /* Debug */,
				2294BCBE29A88C2A00447120 /* Release */,
			);
			defaultConfigurationIsVisible = 0;
			defaultConfigurationName = Release;
		};
		2294BCBF29A88C2A00447120 /* Build configuration list for PBXNativeTarget "xeno-face-recognition" */ = {
			isa = XCConfigurationList;
			buildConfigurations = (
				2294BCC029A88C2A00447120 /* Debug */,
				2294BCC129A88C2A00447120 /* Release */,
			);
			defaultConfigurationIsVisible = 0;
			defaultConfigurationName = Release;
		};
		2294BCC229A88C2A00447120 /* Build configuration list for PBXNativeTarget "xeno-face-recognitionTests" */ = {
			isa = XCConfigurationList;
			buildConfigurations = (
				2294BCC329A88C2A00447120 /* Debug */,
				2294BCC429A88C2A00447120 /* Release */,
			);
			defaultConfigurationIsVisible = 0;
			defaultConfigurationName = Release;
		};
		2294BCC529A88C2A00447120 /* Build configuration list for PBXNativeTarget "xeno-face-recognitionUITests" */ = {
			isa = XCConfigurationList;
			buildConfigurations = (
				2294BCC629A88C2A00447120 /* Debug */,
				2294BCC729A88C2A00447120 /* Release */,
			);
			defaultConfigurationIsVisible = 0;
			defaultConfigurationName = Release;
		};
/* End XCConfigurationList section */
	};
	rootObject = 2294BC8D29A88C2700447120 /* Project object */;
}
